
Microsoft Visual Studio Solution File, Format Version 12.00
# Visual Studio 14
VisualStudioVersion = 14.0.25420.1
MinimumVisualStudioVersion = 10.0.40219.1
Project("{FAE04EC0-301F-11D3-BF4B-00C04F79EFBC}") = "NewsPortal.UI", "NewsPortal.UI\NewsPortal.UI.csproj", "{26911AA1-7DD3-45A1-8A55-57403A170F12}"
EndProject
Project("{FAE04EC0-301F-11D3-BF4B-00C04F79EFBC}") = "NewsPortal.Admin", "NewsPortal.Admin\NewsPortal.Admin.csproj", "{93326250-06B7-43BD-A544-B0C0B664CC9A}"
EndProject
Project("{FAE04EC0-301F-11D3-BF4B-00C04F79EFBC}") = "NewsPortal.Data", "NewsPortal.Data\NewsPortal.Data.csproj", "{FABF38D1-D158-495A-87CA-D768FBEA76D0}"
EndProject
Project("{FAE04EC0-301F-11D3-BF4B-00C04F79EFBC}") = "NewsPortal.Core", "NewsPortal.Core\NewsPortal.Core.csproj", "{D0856265-1C9D-4219-87E5-27686F84F7FB}"
EndProject
Project("{FAE04EC0-301F-11D3-BF4B-00C04F79EFBC}") = "NewsPortal.Service", "NewsPortal.Service\NewsPortal.Service.csproj", "{CE23E4A0-95A0-4AF1-949F-DE9C0655B577}"
EndProject
Global
	GlobalSection(SolutionConfigurationPlatforms) = preSolution
		Debug|Any CPU = Debug|Any CPU
		Release|Any CPU = Release|Any CPU
	EndGlobalSection
	GlobalSection(ProjectConfigurationPlatforms) = postSolution
		{26911AA1-7DD3-45A1-8A55-57403A170F12}.Debug|Any CPU.ActiveCfg = Debug|Any CPU
		{26911AA1-7DD3-45A1-8A55-57403A170F12}.Debug|Any CPU.Build.0 = Debug|Any CPU
		{26911AA1-7DD3-45A1-8A55-57403A170F12}.Release|Any CPU.ActiveCfg = Release|Any CPU
		{26911AA1-7DD3-45A1-8A55-57403A170F12}.Release|Any CPU.Build.0 = Release|Any CPU
		{93326250-06B7-43BD-A544-B0C0B664CC9A}.Debug|Any CPU.ActiveCfg = Debug|Any CPU
		{93326250-06B7-43BD-A544-B0C0B664CC9A}.Debug|Any CPU.Build.0 = Debug|Any CPU
		{93326250-06B7-43BD-A544-B0C0B664CC9A}.Release|Any CPU.ActiveCfg = Release|Any CPU
		{93326250-06B7-43BD-A544-B0C0B664CC9A}.Release|Any CPU.Build.0 = Release|Any CPU
		{FABF38D1-D158-495A-87CA-D768FBEA76D0}.Debug|Any CPU.ActiveCfg = Debug|Any CPU
		{FABF38D1-D158-495A-87CA-D768FBEA76D0}.Debug|Any CPU.Build.0 = Debug|Any CPU
		{FABF38D1-D158-495A-87CA-D768FBEA76D0}.Release|Any CPU.ActiveCfg = Release|Any CPU
		{FABF38D1-D158-495A-87CA-D768FBEA76D0}.Release|Any CPU.Build.0 = Release|Any CPU
		{D0856265-1C9D-4219-87E5-27686F84F7FB}.Debug|Any CPU.ActiveCfg = Debug|Any CPU
		{D0856265-1C9D-4219-87E5-27686F84F7FB}.Debug|Any CPU.Build.0 = Debug|Any CPU
		{D0856265-1C9D-4219-87E5-27686F84F7FB}.Release|Any CPU.ActiveCfg = Release|Any CPU
		{D0856265-1C9D-4219-87E5-27686F84F7FB}.Release|Any CPU.Build.0 = Release|Any CPU
		{CE23E4A0-95A0-4AF1-949F-DE9C0655B577}.Debug|Any CPU.ActiveCfg = Debug|Any CPU
		{CE23E4A0-95A0-4AF1-949F-DE9C0655B577}.Debug|Any CPU.Build.0 = Debug|Any CPU
		{CE23E4A0-95A0-4AF1-949F-DE9C0655B577}.Release|Any CPU.ActiveCfg = Release|Any CPU
		{CE23E4A0-95A0-4AF1-949F-DE9C0655B577}.Release|Any CPU.Build.0 = Release|Any CPU
	EndGlobalSection
	GlobalSection(SolutionProperties) = preSolution
		HideSolutionNode = FALSE
	EndGlobalSection
EndGlobal
